
Microsoft Visual Studio Solution File, Format Version 12.00
# Visual Studio Version 17
VisualStudioVersion = 17.3.32929.385
MinimumVisualStudioVersion = 10.0.40219.1
Project("{9A19103F-16F7-4668-BE54-9A1E7A4F7556}") = "DroneDeliveryService", "DroneDeliveryService\DroneDeliveryService.csproj", "{C4B774FD-16A3-4E7D-8761-3DCF60F6CEE5}"
EndProject
Project("{FAE04EC0-301F-11D3-BF4B-00C04F79EFBC}") = "DroneDeliveryServiceTest", "DroneDeliveryServiceTest\DroneDeliveryServiceTest.csproj", "{1FB0B3AC-5F99-4141-B516-4CA0F88F4CDE}"
EndProject
Global
	GlobalSection(SolutionConfigurationPlatforms) = preSolution
		Debug|Any CPU = Debug|Any CPU
		Release|Any CPU = Release|Any CPU
	EndGlobalSection
	GlobalSection(ProjectConfigurationPlatforms) = postSolution
		{C4B774FD-16A3-4E7D-8761-3DCF60F6CEE5}.Debug|Any CPU.ActiveCfg = Debug|Any CPU
		{C4B774FD-16A3-4E7D-8761-3DCF60F6CEE5}.Debug|Any CPU.Build.0 = Debug|Any CPU
		{C4B774FD-16A3-4E7D-8761-3DCF60F6CEE5}.Release|Any CPU.ActiveCfg = Release|Any CPU
		{C4B774FD-16A3-4E7D-8761-3DCF60F6CEE5}.Release|Any CPU.Build.0 = Release|Any CPU
		{1FB0B3AC-5F99-4141-B516-4CA0F88F4CDE}.Debug|Any CPU.ActiveCfg = Debug|Any CPU
		{1FB0B3AC-5F99-4141-B516-4CA0F88F4CDE}.Debug|Any CPU.Build.0 = Debug|Any CPU
		{1FB0B3AC-5F99-4141-B516-4CA0F88F4CDE}.Release|Any CPU.ActiveCfg = Release|Any CPU
		{1FB0B3AC-5F99-4141-B516-4CA0F88F4CDE}.Release|Any CPU.Build.0 = Release|Any CPU
	EndGlobalSection
	GlobalSection(SolutionProperties) = preSolution
		HideSolutionNode = FALSE
	EndGlobalSection
	GlobalSection(ExtensibilityGlobals) = postSolution
		SolutionGuid = {6FBE59AA-0050-4927-8FEC-06F05EC4B954}
	EndGlobalSection
EndGlobal
